
Microsoft Visual Studio Solution File, Format Version 12.00
# Visual Studio Version 17
VisualStudioVersion = 17.6.33815.320
MinimumVisualStudioVersion = 10.0.40219.1
Project("{2150E333-8FDC-42A3-9474-1A3956D46DE8}") = "Day-1", "Day-1", "{8A4E93A4-346B-4D07-B9B3-CC491283A860}"
EndProject
Project("{9A19103F-16F7-4668-BE54-9A1E7A4F7556}") = "1-TwoSum", "1-TwoSum\1-TwoSum.csproj", "{BA04524E-E4F3-438B-8934-D52A9F6AF4FC}"
EndProject
Project("{9A19103F-16F7-4668-BE54-9A1E7A4F7556}") = "9-PalindromeNumber", "9-PalindromeNumber\9-PalindromeNumber.csproj", "{5E887A46-C5DE-4929-833C-885D48B1E420}"
EndProject
Project("{9A19103F-16F7-4668-BE54-9A1E7A4F7556}") = "13-RomanToInteger", "13-RomanToInteger\13-RomanToInteger.csproj", "{CB199999-27D6-47AF-B1A2-137AD68068DD}"
EndProject
Project("{9A19103F-16F7-4668-BE54-9A1E7A4F7556}") = "14-LongestCommonPrefix", "14-LongestCommonPrefix\14-LongestCommonPrefix.csproj", "{1F88A214-8F0A-4063-A9B5-8E659E52C971}"
EndProject
Project("{9A19103F-16F7-4668-BE54-9A1E7A4F7556}") = "20-ValidParentheses", "20-ValidParentheses\20-ValidParentheses.csproj", "{B844474C-87DB-4F43-BE0A-75441EB172C3}"
EndProject
Project("{9A19103F-16F7-4668-BE54-9A1E7A4F7556}") = "21-MergeTwoSortedLists", "21-MergeTwoSortedLists\21-MergeTwoSortedLists.csproj", "{FF49FEF2-85D2-48C2-9F11-2D9E1E6A6FC6}"
EndProject
Project("{9A19103F-16F7-4668-BE54-9A1E7A4F7556}") = "26-RemoveDuplicatesfromSortedArray", "26-RemoveDuplicatesfromSortedArray\26-RemoveDuplicatesfromSortedArray.csproj", "{C54448B8-D801-4F41-9A88-5B9E7DFEA86D}"
EndProject
Project("{9A19103F-16F7-4668-BE54-9A1E7A4F7556}") = "27-RemoveElement", "27-RemoveElement\27-RemoveElement.csproj", "{4E287C9C-A965-463F-B7C5-6A55B90CB97E}"
EndProject
Project("{2150E333-8FDC-42A3-9474-1A3956D46DE8}") = "Day-2", "Day-2", "{4C320636-4519-4CDA-B032-BFB638E3F172}"
EndProject
Project("{9A19103F-16F7-4668-BE54-9A1E7A4F7556}") = "28-FindTheIndexOfTheFirstOccurrenceString", "28-FindTheIndexOfTheFirstOccurrenceString\28-FindTheIndexOfTheFirstOccurrenceString.csproj", "{4A877F21-D859-47FE-A023-6D18EE411F7E}"
EndProject
Project("{9A19103F-16F7-4668-BE54-9A1E7A4F7556}") = "35-SearchInsertPosition", "35-SearchInsertPosition\35-SearchInsertPosition.csproj", "{D6492174-37F3-4895-882B-6FB9FF066154}"
EndProject
Project("{9A19103F-16F7-4668-BE54-9A1E7A4F7556}") = "58-LengthOfLastWord", "58-LengthOfLastWord\58-LengthOfLastWord.csproj", "{A28D7B79-E45D-4B20-AFE7-6B8409CAA7F9}"
EndProject
Project("{9A19103F-16F7-4668-BE54-9A1E7A4F7556}") = "66-PlusOne", "66-PlusOne\66-PlusOne.csproj", "{2AB706CB-DC3C-4549-92FA-9610C8D95EB2}"
EndProject
Project("{9A19103F-16F7-4668-BE54-9A1E7A4F7556}") = "67-AddBinary", "67-AddBinary\67-AddBinary.csproj", "{18FC63C4-CE31-4A69-8CAD-3495030ED6A5}"
EndProject
Project("{9A19103F-16F7-4668-BE54-9A1E7A4F7556}") = "69-Sqrt(x)", "69-Sqrt(x)\69-Sqrt(x).csproj", "{CB4F190B-1526-46C8-9422-684C69A61EFF}"
EndProject
Project("{9A19103F-16F7-4668-BE54-9A1E7A4F7556}") = "70-ClimbingStairs", "70-ClimbingStairs\70-ClimbingStairs.csproj", "{0B5998D0-560D-469A-8F8A-7B7A99E4D3BE}"
EndProject
Project("{9A19103F-16F7-4668-BE54-9A1E7A4F7556}") = "83-RemoveDuplicatesFromSortedList", "83-RemoveDuplicatesFromSortedList\83-RemoveDuplicatesFromSortedList.csproj", "{A9363240-E265-4609-99C1-AD55340DEADB}"
EndProject
Project("{2150E333-8FDC-42A3-9474-1A3956D46DE8}") = "Day-3", "Day-3", "{D9D4896E-FE0B-447B-B102-911D08911425}"
EndProject
Project("{9A19103F-16F7-4668-BE54-9A1E7A4F7556}") = "94-BinaryTreeInorderTraversal", "94-BinaryTreeInorderTraversal\94-BinaryTreeInorderTraversal.csproj", "{CF62E3F3-E302-4EB2-981B-7B38FCE51610}"
EndProject
Project("{9A19103F-16F7-4668-BE54-9A1E7A4F7556}") = "100-SameTree", "100-SameTree\100-SameTree.csproj", "{43266D1E-64F0-43AA-B308-902CEDC5CD2D}"
EndProject
Project("{9A19103F-16F7-4668-BE54-9A1E7A4F7556}") = "101-SymmetricTree", "101-SymmetricTree\101-SymmetricTree.csproj", "{AD18406C-D326-43F9-B9F7-2AF8117C9A1A}"
EndProject
Project("{9A19103F-16F7-4668-BE54-9A1E7A4F7556}") = "104-MaximumDepthOfBinaryTree", "104-MaximumDepthOfBinaryTree\104-MaximumDepthOfBinaryTree.csproj", "{417B4B50-720C-4403-9B35-5886E6564A83}"
EndProject
Project("{9A19103F-16F7-4668-BE54-9A1E7A4F7556}") = "108-ConvertSortedArrayBinarySearchTree", "108-ConvertSortedArrayBinarySearchTree\108-ConvertSortedArrayBinarySearchTree.csproj", "{1A7CF9F4-EC68-4FB7-B95F-00DC03320AC6}"
EndProject
Project("{9A19103F-16F7-4668-BE54-9A1E7A4F7556}") = "110-BalancedBinaryTree", "110-BalancedBinaryTree\110-BalancedBinaryTree.csproj", "{192DC6C2-7571-43F5-9859-CFA811B8EDA4}"
EndProject
Project("{9A19103F-16F7-4668-BE54-9A1E7A4F7556}") = "111-MinimumDepthBinaryTree", "111-MinimumDepthBinaryTree\111-MinimumDepthBinaryTree.csproj", "{781C350E-49AE-424B-B81F-5015F82BC741}"
EndProject
Project("{9A19103F-16F7-4668-BE54-9A1E7A4F7556}") = "88-MergeSortedArrayy", "88-MergeSortedArrayy\88-MergeSortedArrayy.csproj", "{2F41A23A-C574-4681-A34C-F16A192D7DC7}"
EndProject
Project("{2150E333-8FDC-42A3-9474-1A3956D46DE8}") = "Day-4", "Day-4", "{531D23F0-8856-4E5C-88F0-F4A9F3016F3E}"
EndProject
Project("{9A19103F-16F7-4668-BE54-9A1E7A4F7556}") = "112-PathSum", "112-PathSum\112-PathSum.csproj", "{F382C87F-A72C-431D-BE28-64380D2D3977}"
EndProject
Project("{9A19103F-16F7-4668-BE54-9A1E7A4F7556}") = "118-Pascal'sTriangle", "118-Pascal'sTriangle\118-Pascal'sTriangle.csproj", "{DEA5F1ED-6421-4408-A71E-2DFA638D90D2}"
EndProject
Project("{9A19103F-16F7-4668-BE54-9A1E7A4F7556}") = "119-Pascal'sTriangle2", "119-Pascal'sTriangleII\119-Pascal'sTriangle2.csproj", "{F5CC0568-8A11-43B1-83EA-F934EADC6690}"
EndProject
Project("{9A19103F-16F7-4668-BE54-9A1E7A4F7556}") = "121-BestTimetoBuyandSellStock", "121-BestTimetoBuyandSellStock\121-BestTimetoBuyandSellStock.csproj", "{64EFE908-B3F5-4C7B-9285-8B5AEB2A3EF4}"
EndProject
Project("{9A19103F-16F7-4668-BE54-9A1E7A4F7556}") = "125-ValidPalindrome", "125-ValidPalindrome\125-ValidPalindrome.csproj", "{6ED66680-BD48-4612-B73A-341785822437}"
EndProject
Project("{9A19103F-16F7-4668-BE54-9A1E7A4F7556}") = "136-SingleNumber", "136-SingleNumber\136-SingleNumber.csproj", "{EAC4BF75-E9B1-41AD-B04C-22E970263472}"
EndProject
Project("{9A19103F-16F7-4668-BE54-9A1E7A4F7556}") = "141-LinkedListCycle", "141-LinkedListCycle\141-LinkedListCycle.csproj", "{64B73785-8E8D-4B60-93CE-F137BA3B7EDB}"
EndProject
Project("{9A19103F-16F7-4668-BE54-9A1E7A4F7556}") = "168-ExcelSheetColumnTitle", "168-ExcelSheetColumnTitle\168-ExcelSheetColumnTitle.csproj", "{47287155-B5DD-4C7D-992C-0293FCFC2E21}"
EndProject
Project("{2150E333-8FDC-42A3-9474-1A3956D46DE8}") = "Day-5", "Day-5", "{A6F799D0-EFA1-4EF2-8A14-E99B8F28AF3F}"
EndProject
Project("{FAE04EC0-301F-11D3-BF4B-00C04F79EFBC}") = "169-MajorityElement", "169-MajorityElement\169-MajorityElement.csproj", "{FE6643B9-3827-4270-91BE-9E4B15E9C799}"
EndProject
Project("{FAE04EC0-301F-11D3-BF4B-00C04F79EFBC}") = "171-ExcelSheetColumnNumber", "171-ExcelSheetColumnNumber\171-ExcelSheetColumnNumber.csproj", "{3836E1E8-8994-4F75-B826-04DC71171368}"
EndProject
Project("{FAE04EC0-301F-11D3-BF4B-00C04F79EFBC}") = "190-ReverseBits", "190-ReverseBits\190-ReverseBits.csproj", "{8285B1AC-AA7B-4B07-805E-FBDD0918B4FB}"
EndProject
Project("{FAE04EC0-301F-11D3-BF4B-00C04F79EFBC}") = "205-IsomorphicStrings", "205-IsomorphicStrings\205-IsomorphicStrings.csproj", "{D85B5DEE-54A0-48DA-AE20-D28460C7B025}"
EndProject
Project("{FAE04EC0-301F-11D3-BF4B-00C04F79EFBC}") = "206-ReverseLinkedList", "206-ReverseLinkedList\206-ReverseLinkedList.csproj", "{339F4C2B-DFBE-4AE2-AA25-D5E10546E24B}"
EndProject
Project("{FAE04EC0-301F-11D3-BF4B-00C04F79EFBC}") = "217-ContainsDuplicate", "217-ContainsDuplicate\217-ContainsDuplicate.csproj", "{A3D6CAE2-ABD3-42B4-8E89-72E466653727}"
EndProject
Project("{FAE04EC0-301F-11D3-BF4B-00C04F79EFBC}") = "219ContainsDuplicate-II", "219ContainsDuplicate-II\219ContainsDuplicate-II.csproj", "{948857BF-14F6-44AD-8E3D-7302A3B73C91}"
EndProject
Project("{FAE04EC0-301F-11D3-BF4B-00C04F79EFBC}") = "231-PowerofTwo", "231-PowerofTwo\231-PowerofTwo.csproj", "{A7BB6B2C-34CB-4BFA-9F17-35D55516936D}"
EndProject
Global
	GlobalSection(SolutionConfigurationPlatforms) = preSolution
		Debug|Any CPU = Debug|Any CPU
		Release|Any CPU = Release|Any CPU
	EndGlobalSection
	GlobalSection(ProjectConfigurationPlatforms) = postSolution
		{BA04524E-E4F3-438B-8934-D52A9F6AF4FC}.Debug|Any CPU.ActiveCfg = Debug|Any CPU
		{BA04524E-E4F3-438B-8934-D52A9F6AF4FC}.Debug|Any CPU.Build.0 = Debug|Any CPU
		{BA04524E-E4F3-438B-8934-D52A9F6AF4FC}.Release|Any CPU.ActiveCfg = Release|Any CPU
		{BA04524E-E4F3-438B-8934-D52A9F6AF4FC}.Release|Any CPU.Build.0 = Release|Any CPU
		{5E887A46-C5DE-4929-833C-885D48B1E420}.Debug|Any CPU.ActiveCfg = Debug|Any CPU
		{5E887A46-C5DE-4929-833C-885D48B1E420}.Debug|Any CPU.Build.0 = Debug|Any CPU
		{5E887A46-C5DE-4929-833C-885D48B1E420}.Release|Any CPU.ActiveCfg = Release|Any CPU
		{5E887A46-C5DE-4929-833C-885D48B1E420}.Release|Any CPU.Build.0 = Release|Any CPU
		{CB199999-27D6-47AF-B1A2-137AD68068DD}.Debug|Any CPU.ActiveCfg = Debug|Any CPU
		{CB199999-27D6-47AF-B1A2-137AD68068DD}.Debug|Any CPU.Build.0 = Debug|Any CPU
		{CB199999-27D6-47AF-B1A2-137AD68068DD}.Release|Any CPU.ActiveCfg = Release|Any CPU
		{CB199999-27D6-47AF-B1A2-137AD68068DD}.Release|Any CPU.Build.0 = Release|Any CPU
		{1F88A214-8F0A-4063-A9B5-8E659E52C971}.Debug|Any CPU.ActiveCfg = Debug|Any CPU
		{1F88A214-8F0A-4063-A9B5-8E659E52C971}.Debug|Any CPU.Build.0 = Debug|Any CPU
		{1F88A214-8F0A-4063-A9B5-8E659E52C971}.Release|Any CPU.ActiveCfg = Release|Any CPU
		{1F88A214-8F0A-4063-A9B5-8E659E52C971}.Release|Any CPU.Build.0 = Release|Any CPU
		{B844474C-87DB-4F43-BE0A-75441EB172C3}.Debug|Any CPU.ActiveCfg = Debug|Any CPU
		{B844474C-87DB-4F43-BE0A-75441EB172C3}.Debug|Any CPU.Build.0 = Debug|Any CPU
		{B844474C-87DB-4F43-BE0A-75441EB172C3}.Release|Any CPU.ActiveCfg = Release|Any CPU
		{B844474C-87DB-4F43-BE0A-75441EB172C3}.Release|Any CPU.Build.0 = Release|Any CPU
		{FF49FEF2-85D2-48C2-9F11-2D9E1E6A6FC6}.Debug|Any CPU.ActiveCfg = Debug|Any CPU
		{FF49FEF2-85D2-48C2-9F11-2D9E1E6A6FC6}.Debug|Any CPU.Build.0 = Debug|Any CPU
		{FF49FEF2-85D2-48C2-9F11-2D9E1E6A6FC6}.Release|Any CPU.ActiveCfg = Release|Any CPU
		{FF49FEF2-85D2-48C2-9F11-2D9E1E6A6FC6}.Release|Any CPU.Build.0 = Release|Any CPU
		{C54448B8-D801-4F41-9A88-5B9E7DFEA86D}.Debug|Any CPU.ActiveCfg = Debug|Any CPU
		{C54448B8-D801-4F41-9A88-5B9E7DFEA86D}.Debug|Any CPU.Build.0 = Debug|Any CPU
		{C54448B8-D801-4F41-9A88-5B9E7DFEA86D}.Release|Any CPU.ActiveCfg = Release|Any CPU
		{C54448B8-D801-4F41-9A88-5B9E7DFEA86D}.Release|Any CPU.Build.0 = Release|Any CPU
		{4E287C9C-A965-463F-B7C5-6A55B90CB97E}.Debug|Any CPU.ActiveCfg = Debug|Any CPU
		{4E287C9C-A965-463F-B7C5-6A55B90CB97E}.Debug|Any CPU.Build.0 = Debug|Any CPU
		{4E287C9C-A965-463F-B7C5-6A55B90CB97E}.Release|Any CPU.ActiveCfg = Release|Any CPU
		{4E287C9C-A965-463F-B7C5-6A55B90CB97E}.Release|Any CPU.Build.0 = Release|Any CPU
		{4A877F21-D859-47FE-A023-6D18EE411F7E}.Debug|Any CPU.ActiveCfg = Debug|Any CPU
		{4A877F21-D859-47FE-A023-6D18EE411F7E}.Debug|Any CPU.Build.0 = Debug|Any CPU
		{4A877F21-D859-47FE-A023-6D18EE411F7E}.Release|Any CPU.ActiveCfg = Release|Any CPU
		{4A877F21-D859-47FE-A023-6D18EE411F7E}.Release|Any CPU.Build.0 = Release|Any CPU
		{D6492174-37F3-4895-882B-6FB9FF066154}.Debug|Any CPU.ActiveCfg = Debug|Any CPU
		{D6492174-37F3-4895-882B-6FB9FF066154}.Debug|Any CPU.Build.0 = Debug|Any CPU
		{D6492174-37F3-4895-882B-6FB9FF066154}.Release|Any CPU.ActiveCfg = Release|Any CPU
		{D6492174-37F3-4895-882B-6FB9FF066154}.Release|Any CPU.Build.0 = Release|Any CPU
		{A28D7B79-E45D-4B20-AFE7-6B8409CAA7F9}.Debug|Any CPU.ActiveCfg = Debug|Any CPU
		{A28D7B79-E45D-4B20-AFE7-6B8409CAA7F9}.Debug|Any CPU.Build.0 = Debug|Any CPU
		{A28D7B79-E45D-4B20-AFE7-6B8409CAA7F9}.Release|Any CPU.ActiveCfg = Release|Any CPU
		{A28D7B79-E45D-4B20-AFE7-6B8409CAA7F9}.Release|Any CPU.Build.0 = Release|Any CPU
		{2AB706CB-DC3C-4549-92FA-9610C8D95EB2}.Debug|Any CPU.ActiveCfg = Debug|Any CPU
		{2AB706CB-DC3C-4549-92FA-9610C8D95EB2}.Debug|Any CPU.Build.0 = Debug|Any CPU
		{2AB706CB-DC3C-4549-92FA-9610C8D95EB2}.Release|Any CPU.ActiveCfg = Release|Any CPU
		{2AB706CB-DC3C-4549-92FA-9610C8D95EB2}.Release|Any CPU.Build.0 = Release|Any CPU
		{18FC63C4-CE31-4A69-8CAD-3495030ED6A5}.Debug|Any CPU.ActiveCfg = Debug|Any CPU
		{18FC63C4-CE31-4A69-8CAD-3495030ED6A5}.Debug|Any CPU.Build.0 = Debug|Any CPU
		{18FC63C4-CE31-4A69-8CAD-3495030ED6A5}.Release|Any CPU.ActiveCfg = Release|Any CPU
		{18FC63C4-CE31-4A69-8CAD-3495030ED6A5}.Release|Any CPU.Build.0 = Release|Any CPU
		{CB4F190B-1526-46C8-9422-684C69A61EFF}.Debug|Any CPU.ActiveCfg = Debug|Any CPU
		{CB4F190B-1526-46C8-9422-684C69A61EFF}.Debug|Any CPU.Build.0 = Debug|Any CPU
		{CB4F190B-1526-46C8-9422-684C69A61EFF}.Release|Any CPU.ActiveCfg = Release|Any CPU
		{CB4F190B-1526-46C8-9422-684C69A61EFF}.Release|Any CPU.Build.0 = Release|Any CPU
		{0B5998D0-560D-469A-8F8A-7B7A99E4D3BE}.Debug|Any CPU.ActiveCfg = Debug|Any CPU
		{0B5998D0-560D-469A-8F8A-7B7A99E4D3BE}.Debug|Any CPU.Build.0 = Debug|Any CPU
		{0B5998D0-560D-469A-8F8A-7B7A99E4D3BE}.Release|Any CPU.ActiveCfg = Release|Any CPU
		{0B5998D0-560D-469A-8F8A-7B7A99E4D3BE}.Release|Any CPU.Build.0 = Release|Any CPU
		{A9363240-E265-4609-99C1-AD55340DEADB}.Debug|Any CPU.ActiveCfg = Debug|Any CPU
		{A9363240-E265-4609-99C1-AD55340DEADB}.Debug|Any CPU.Build.0 = Debug|Any CPU
		{A9363240-E265-4609-99C1-AD55340DEADB}.Release|Any CPU.ActiveCfg = Release|Any CPU
		{A9363240-E265-4609-99C1-AD55340DEADB}.Release|Any CPU.Build.0 = Release|Any CPU
		{CF62E3F3-E302-4EB2-981B-7B38FCE51610}.Debug|Any CPU.ActiveCfg = Debug|Any CPU
		{CF62E3F3-E302-4EB2-981B-7B38FCE51610}.Debug|Any CPU.Build.0 = Debug|Any CPU
		{CF62E3F3-E302-4EB2-981B-7B38FCE51610}.Release|Any CPU.ActiveCfg = Release|Any CPU
		{CF62E3F3-E302-4EB2-981B-7B38FCE51610}.Release|Any CPU.Build.0 = Release|Any CPU
		{43266D1E-64F0-43AA-B308-902CEDC5CD2D}.Debug|Any CPU.ActiveCfg = Debug|Any CPU
		{43266D1E-64F0-43AA-B308-902CEDC5CD2D}.Debug|Any CPU.Build.0 = Debug|Any CPU
		{43266D1E-64F0-43AA-B308-902CEDC5CD2D}.Release|Any CPU.ActiveCfg = Release|Any CPU
		{43266D1E-64F0-43AA-B308-902CEDC5CD2D}.Release|Any CPU.Build.0 = Release|Any CPU
		{AD18406C-D326-43F9-B9F7-2AF8117C9A1A}.Debug|Any CPU.ActiveCfg = Debug|Any CPU
		{AD18406C-D326-43F9-B9F7-2AF8117C9A1A}.Debug|Any CPU.Build.0 = Debug|Any CPU
		{AD18406C-D326-43F9-B9F7-2AF8117C9A1A}.Release|Any CPU.ActiveCfg = Release|Any CPU
		{AD18406C-D326-43F9-B9F7-2AF8117C9A1A}.Release|Any CPU.Build.0 = Release|Any CPU
		{417B4B50-720C-4403-9B35-5886E6564A83}.Debug|Any CPU.ActiveCfg = Debug|Any CPU
		{417B4B50-720C-4403-9B35-5886E6564A83}.Debug|Any CPU.Build.0 = Debug|Any CPU
		{417B4B50-720C-4403-9B35-5886E6564A83}.Release|Any CPU.ActiveCfg = Release|Any CPU
		{417B4B50-720C-4403-9B35-5886E6564A83}.Release|Any CPU.Build.0 = Release|Any CPU
		{1A7CF9F4-EC68-4FB7-B95F-00DC03320AC6}.Debug|Any CPU.ActiveCfg = Debug|Any CPU
		{1A7CF9F4-EC68-4FB7-B95F-00DC03320AC6}.Debug|Any CPU.Build.0 = Debug|Any CPU
		{1A7CF9F4-EC68-4FB7-B95F-00DC03320AC6}.Release|Any CPU.ActiveCfg = Release|Any CPU
		{1A7CF9F4-EC68-4FB7-B95F-00DC03320AC6}.Release|Any CPU.Build.0 = Release|Any CPU
		{192DC6C2-7571-43F5-9859-CFA811B8EDA4}.Debug|Any CPU.ActiveCfg = Debug|Any CPU
		{192DC6C2-7571-43F5-9859-CFA811B8EDA4}.Debug|Any CPU.Build.0 = Debug|Any CPU
		{192DC6C2-7571-43F5-9859-CFA811B8EDA4}.Release|Any CPU.ActiveCfg = Release|Any CPU
		{192DC6C2-7571-43F5-9859-CFA811B8EDA4}.Release|Any CPU.Build.0 = Release|Any CPU
		{781C350E-49AE-424B-B81F-5015F82BC741}.Debug|Any CPU.ActiveCfg = Debug|Any CPU
		{781C350E-49AE-424B-B81F-5015F82BC741}.Debug|Any CPU.Build.0 = Debug|Any CPU
		{781C350E-49AE-424B-B81F-5015F82BC741}.Release|Any CPU.ActiveCfg = Release|Any CPU
		{781C350E-49AE-424B-B81F-5015F82BC741}.Release|Any CPU.Build.0 = Release|Any CPU
		{2F41A23A-C574-4681-A34C-F16A192D7DC7}.Debug|Any CPU.ActiveCfg = Debug|Any CPU
		{2F41A23A-C574-4681-A34C-F16A192D7DC7}.Debug|Any CPU.Build.0 = Debug|Any CPU
		{2F41A23A-C574-4681-A34C-F16A192D7DC7}.Release|Any CPU.ActiveCfg = Release|Any CPU
		{2F41A23A-C574-4681-A34C-F16A192D7DC7}.Release|Any CPU.Build.0 = Release|Any CPU
		{F382C87F-A72C-431D-BE28-64380D2D3977}.Debug|Any CPU.ActiveCfg = Debug|Any CPU
		{F382C87F-A72C-431D-BE28-64380D2D3977}.Debug|Any CPU.Build.0 = Debug|Any CPU
		{F382C87F-A72C-431D-BE28-64380D2D3977}.Release|Any CPU.ActiveCfg = Release|Any CPU
		{F382C87F-A72C-431D-BE28-64380D2D3977}.Release|Any CPU.Build.0 = Release|Any CPU
		{DEA5F1ED-6421-4408-A71E-2DFA638D90D2}.Debug|Any CPU.ActiveCfg = Debug|Any CPU
		{DEA5F1ED-6421-4408-A71E-2DFA638D90D2}.Debug|Any CPU.Build.0 = Debug|Any CPU
		{DEA5F1ED-6421-4408-A71E-2DFA638D90D2}.Release|Any CPU.ActiveCfg = Release|Any CPU
		{DEA5F1ED-6421-4408-A71E-2DFA638D90D2}.Release|Any CPU.Build.0 = Release|Any CPU
		{F5CC0568-8A11-43B1-83EA-F934EADC6690}.Debug|Any CPU.ActiveCfg = Debug|Any CPU
		{F5CC0568-8A11-43B1-83EA-F934EADC6690}.Debug|Any CPU.Build.0 = Debug|Any CPU
		{F5CC0568-8A11-43B1-83EA-F934EADC6690}.Release|Any CPU.ActiveCfg = Release|Any CPU
		{F5CC0568-8A11-43B1-83EA-F934EADC6690}.Release|Any CPU.Build.0 = Release|Any CPU
		{64EFE908-B3F5-4C7B-9285-8B5AEB2A3EF4}.Debug|Any CPU.ActiveCfg = Debug|Any CPU
		{64EFE908-B3F5-4C7B-9285-8B5AEB2A3EF4}.Debug|Any CPU.Build.0 = Debug|Any CPU
		{64EFE908-B3F5-4C7B-9285-8B5AEB2A3EF4}.Release|Any CPU.ActiveCfg = Release|Any CPU
		{64EFE908-B3F5-4C7B-9285-8B5AEB2A3EF4}.Release|Any CPU.Build.0 = Release|Any CPU
		{6ED66680-BD48-4612-B73A-341785822437}.Debug|Any CPU.ActiveCfg = Debug|Any CPU
		{6ED66680-BD48-4612-B73A-341785822437}.Debug|Any CPU.Build.0 = Debug|Any CPU
		{6ED66680-BD48-4612-B73A-341785822437}.Release|Any CPU.ActiveCfg = Release|Any CPU
		{6ED66680-BD48-4612-B73A-341785822437}.Release|Any CPU.Build.0 = Release|Any CPU
		{EAC4BF75-E9B1-41AD-B04C-22E970263472}.Debug|Any CPU.ActiveCfg = Debug|Any CPU
		{EAC4BF75-E9B1-41AD-B04C-22E970263472}.Debug|Any CPU.Build.0 = Debug|Any CPU
		{EAC4BF75-E9B1-41AD-B04C-22E970263472}.Release|Any CPU.ActiveCfg = Release|Any CPU
		{EAC4BF75-E9B1-41AD-B04C-22E970263472}.Release|Any CPU.Build.0 = Release|Any CPU
		{64B73785-8E8D-4B60-93CE-F137BA3B7EDB}.Debug|Any CPU.ActiveCfg = Debug|Any CPU
		{64B73785-8E8D-4B60-93CE-F137BA3B7EDB}.Debug|Any CPU.Build.0 = Debug|Any CPU
		{64B73785-8E8D-4B60-93CE-F137BA3B7EDB}.Release|Any CPU.ActiveCfg = Release|Any CPU
		{64B73785-8E8D-4B60-93CE-F137BA3B7EDB}.Release|Any CPU.Build.0 = Release|Any CPU
		{47287155-B5DD-4C7D-992C-0293FCFC2E21}.Debug|Any CPU.ActiveCfg = Debug|Any CPU
		{47287155-B5DD-4C7D-992C-0293FCFC2E21}.Debug|Any CPU.Build.0 = Debug|Any CPU
		{47287155-B5DD-4C7D-992C-0293FCFC2E21}.Release|Any CPU.ActiveCfg = Release|Any CPU
		{47287155-B5DD-4C7D-992C-0293FCFC2E21}.Release|Any CPU.Build.0 = Release|Any CPU
		{FE6643B9-3827-4270-91BE-9E4B15E9C799}.Debug|Any CPU.ActiveCfg = Debug|Any CPU
		{FE6643B9-3827-4270-91BE-9E4B15E9C799}.Debug|Any CPU.Build.0 = Debug|Any CPU
		{FE6643B9-3827-4270-91BE-9E4B15E9C799}.Release|Any CPU.ActiveCfg = Release|Any CPU
		{FE6643B9-3827-4270-91BE-9E4B15E9C799}.Release|Any CPU.Build.0 = Release|Any CPU
		{3836E1E8-8994-4F75-B826-04DC71171368}.Debug|Any CPU.ActiveCfg = Debug|Any CPU
		{3836E1E8-8994-4F75-B826-04DC71171368}.Debug|Any CPU.Build.0 = Debug|Any CPU
		{3836E1E8-8994-4F75-B826-04DC71171368}.Release|Any CPU.ActiveCfg = Release|Any CPU
		{3836E1E8-8994-4F75-B826-04DC71171368}.Release|Any CPU.Build.0 = Release|Any CPU
		{8285B1AC-AA7B-4B07-805E-FBDD0918B4FB}.Debug|Any CPU.ActiveCfg = Debug|Any CPU
		{8285B1AC-AA7B-4B07-805E-FBDD0918B4FB}.Debug|Any CPU.Build.0 = Debug|Any CPU
		{8285B1AC-AA7B-4B07-805E-FBDD0918B4FB}.Release|Any CPU.ActiveCfg = Release|Any CPU
		{8285B1AC-AA7B-4B07-805E-FBDD0918B4FB}.Release|Any CPU.Build.0 = Release|Any CPU
		{D85B5DEE-54A0-48DA-AE20-D28460C7B025}.Debug|Any CPU.ActiveCfg = Debug|Any CPU
		{D85B5DEE-54A0-48DA-AE20-D28460C7B025}.Debug|Any CPU.Build.0 = Debug|Any CPU
		{D85B5DEE-54A0-48DA-AE20-D28460C7B025}.Release|Any CPU.ActiveCfg = Release|Any CPU
		{D85B5DEE-54A0-48DA-AE20-D28460C7B025}.Release|Any CPU.Build.0 = Release|Any CPU
		{339F4C2B-DFBE-4AE2-AA25-D5E10546E24B}.Debug|Any CPU.ActiveCfg = Debug|Any CPU
		{339F4C2B-DFBE-4AE2-AA25-D5E10546E24B}.Debug|Any CPU.Build.0 = Debug|Any CPU
		{339F4C2B-DFBE-4AE2-AA25-D5E10546E24B}.Release|Any CPU.ActiveCfg = Release|Any CPU
		{339F4C2B-DFBE-4AE2-AA25-D5E10546E24B}.Release|Any CPU.Build.0 = Release|Any CPU
		{A3D6CAE2-ABD3-42B4-8E89-72E466653727}.Debug|Any CPU.ActiveCfg = Debug|Any CPU
		{A3D6CAE2-ABD3-42B4-8E89-72E466653727}.Debug|Any CPU.Build.0 = Debug|Any CPU
		{A3D6CAE2-ABD3-42B4-8E89-72E466653727}.Release|Any CPU.ActiveCfg = Release|Any CPU
		{A3D6CAE2-ABD3-42B4-8E89-72E466653727}.Release|Any CPU.Build.0 = Release|Any CPU
		{948857BF-14F6-44AD-8E3D-7302A3B73C91}.Debug|Any CPU.ActiveCfg = Debug|Any CPU
		{948857BF-14F6-44AD-8E3D-7302A3B73C91}.Debug|Any CPU.Build.0 = Debug|Any CPU
		{948857BF-14F6-44AD-8E3D-7302A3B73C91}.Release|Any CPU.ActiveCfg = Release|Any CPU
		{948857BF-14F6-44AD-8E3D-7302A3B73C91}.Release|Any CPU.Build.0 = Release|Any CPU
		{A7BB6B2C-34CB-4BFA-9F17-35D55516936D}.Debug|Any CPU.ActiveCfg = Debug|Any CPU
		{A7BB6B2C-34CB-4BFA-9F17-35D55516936D}.Debug|Any CPU.Build.0 = Debug|Any CPU
		{A7BB6B2C-34CB-4BFA-9F17-35D55516936D}.Release|Any CPU.ActiveCfg = Release|Any CPU
		{A7BB6B2C-34CB-4BFA-9F17-35D55516936D}.Release|Any CPU.Build.0 = Release|Any CPU
	EndGlobalSection
	GlobalSection(SolutionProperties) = preSolution
		HideSolutionNode = FALSE
	EndGlobalSection
	GlobalSection(NestedProjects) = preSolution
		{BA04524E-E4F3-438B-8934-D52A9F6AF4FC} = {8A4E93A4-346B-4D07-B9B3-CC491283A860}
		{5E887A46-C5DE-4929-833C-885D48B1E420} = {8A4E93A4-346B-4D07-B9B3-CC491283A860}
		{CB199999-27D6-47AF-B1A2-137AD68068DD} = {8A4E93A4-346B-4D07-B9B3-CC491283A860}
		{1F88A214-8F0A-4063-A9B5-8E659E52C971} = {8A4E93A4-346B-4D07-B9B3-CC491283A860}
		{B844474C-87DB-4F43-BE0A-75441EB172C3} = {8A4E93A4-346B-4D07-B9B3-CC491283A860}
		{FF49FEF2-85D2-48C2-9F11-2D9E1E6A6FC6} = {8A4E93A4-346B-4D07-B9B3-CC491283A860}
		{C54448B8-D801-4F41-9A88-5B9E7DFEA86D} = {8A4E93A4-346B-4D07-B9B3-CC491283A860}
		{4E287C9C-A965-463F-B7C5-6A55B90CB97E} = {8A4E93A4-346B-4D07-B9B3-CC491283A860}
		{4A877F21-D859-47FE-A023-6D18EE411F7E} = {4C320636-4519-4CDA-B032-BFB638E3F172}
		{D6492174-37F3-4895-882B-6FB9FF066154} = {4C320636-4519-4CDA-B032-BFB638E3F172}
		{A28D7B79-E45D-4B20-AFE7-6B8409CAA7F9} = {4C320636-4519-4CDA-B032-BFB638E3F172}
		{2AB706CB-DC3C-4549-92FA-9610C8D95EB2} = {4C320636-4519-4CDA-B032-BFB638E3F172}
		{18FC63C4-CE31-4A69-8CAD-3495030ED6A5} = {4C320636-4519-4CDA-B032-BFB638E3F172}
		{CB4F190B-1526-46C8-9422-684C69A61EFF} = {4C320636-4519-4CDA-B032-BFB638E3F172}
		{0B5998D0-560D-469A-8F8A-7B7A99E4D3BE} = {4C320636-4519-4CDA-B032-BFB638E3F172}
		{A9363240-E265-4609-99C1-AD55340DEADB} = {4C320636-4519-4CDA-B032-BFB638E3F172}
		{CF62E3F3-E302-4EB2-981B-7B38FCE51610} = {D9D4896E-FE0B-447B-B102-911D08911425}
		{43266D1E-64F0-43AA-B308-902CEDC5CD2D} = {D9D4896E-FE0B-447B-B102-911D08911425}
		{AD18406C-D326-43F9-B9F7-2AF8117C9A1A} = {D9D4896E-FE0B-447B-B102-911D08911425}
		{417B4B50-720C-4403-9B35-5886E6564A83} = {D9D4896E-FE0B-447B-B102-911D08911425}
		{1A7CF9F4-EC68-4FB7-B95F-00DC03320AC6} = {D9D4896E-FE0B-447B-B102-911D08911425}
		{192DC6C2-7571-43F5-9859-CFA811B8EDA4} = {D9D4896E-FE0B-447B-B102-911D08911425}
		{781C350E-49AE-424B-B81F-5015F82BC741} = {D9D4896E-FE0B-447B-B102-911D08911425}
		{2F41A23A-C574-4681-A34C-F16A192D7DC7} = {D9D4896E-FE0B-447B-B102-911D08911425}
		{F382C87F-A72C-431D-BE28-64380D2D3977} = {531D23F0-8856-4E5C-88F0-F4A9F3016F3E}
		{DEA5F1ED-6421-4408-A71E-2DFA638D90D2} = {531D23F0-8856-4E5C-88F0-F4A9F3016F3E}
		{F5CC0568-8A11-43B1-83EA-F934EADC6690} = {531D23F0-8856-4E5C-88F0-F4A9F3016F3E}
		{64EFE908-B3F5-4C7B-9285-8B5AEB2A3EF4} = {531D23F0-8856-4E5C-88F0-F4A9F3016F3E}
		{6ED66680-BD48-4612-B73A-341785822437} = {531D23F0-8856-4E5C-88F0-F4A9F3016F3E}
		{EAC4BF75-E9B1-41AD-B04C-22E970263472} = {531D23F0-8856-4E5C-88F0-F4A9F3016F3E}
		{64B73785-8E8D-4B60-93CE-F137BA3B7EDB} = {531D23F0-8856-4E5C-88F0-F4A9F3016F3E}
		{47287155-B5DD-4C7D-992C-0293FCFC2E21} = {531D23F0-8856-4E5C-88F0-F4A9F3016F3E}
		{FE6643B9-3827-4270-91BE-9E4B15E9C799} = {A6F799D0-EFA1-4EF2-8A14-E99B8F28AF3F}
		{3836E1E8-8994-4F75-B826-04DC71171368} = {A6F799D0-EFA1-4EF2-8A14-E99B8F28AF3F}
		{8285B1AC-AA7B-4B07-805E-FBDD0918B4FB} = {A6F799D0-EFA1-4EF2-8A14-E99B8F28AF3F}
		{D85B5DEE-54A0-48DA-AE20-D28460C7B025} = {A6F799D0-EFA1-4EF2-8A14-E99B8F28AF3F}
		{339F4C2B-DFBE-4AE2-AA25-D5E10546E24B} = {A6F799D0-EFA1-4EF2-8A14-E99B8F28AF3F}
		{A3D6CAE2-ABD3-42B4-8E89-72E466653727} = {A6F799D0-EFA1-4EF2-8A14-E99B8F28AF3F}
		{948857BF-14F6-44AD-8E3D-7302A3B73C91} = {A6F799D0-EFA1-4EF2-8A14-E99B8F28AF3F}
		{A7BB6B2C-34CB-4BFA-9F17-35D55516936D} = {A6F799D0-EFA1-4EF2-8A14-E99B8F28AF3F}
	EndGlobalSection
	GlobalSection(ExtensibilityGlobals) = postSolution
		SolutionGuid = {EF0DF21B-820F-4A68-AF27-BF0D82C63B4C}
	EndGlobalSection
EndGlobal
